<?xml version="1.0" encoding="utf-8"?>
<Project ToolsVersion="4.0" xmlns="http://schemas.microsoft.com/developer/msbuild/2003">
  <ItemGroup>
    <Filter Include="Source Files">
      <UniqueIdentifier>{4FC737F1-C7A5-4376-A066-2A32D752A2FF}</UniqueIdentifier>
      <Extensions>cpp;c;cc;cxx;def;odl;idl;hpj;bat;asm;asmx</Extensions>
    </Filter>
    <Filter Include="Header Files">
      <UniqueIdentifier>{93995380-89BD-4b04-88EB-625FBE52EBFB}</UniqueIdentifier>
      <Extensions>h;hh;hpp;hxx;hm;inl;inc;xsd</Extensions>
    </Filter>
    <Filter Include="Resource Files">
      <UniqueIdentifier>{67DA6AB6-F800-4c08-8B7A-83BB121AAD01}</UniqueIdentifier>
      <Extensions>rc;ico;cur;bmp;dlg;rc2;rct;bin;rgs;gif;jpg;jpeg;jpe;resx;tiff;tif;png;wav;mfcribbon-ms</Extensions>
    </Filter>
  </ItemGroup>
  <ItemGroup>
    <ClInclude Include="src\Include\Math\Float2.hpp">
      <Filter>Header Files</Filter>
    </ClInclude>
    <ClInclude Include="src\Include\Math\Float2Ops.hpp">
      <Filter>Header Files</Filter>
    </ClInclude>
    <ClInclude Include="src\Include\Math\Float3.hpp">
      <Filter>Header Files</Filter>
    </ClInclude>
    <ClInclude Include="src\Include\Math\Float3Ops.hpp">
      <Filter>Header Files</Filter>
    </ClInclude>
    <ClInclude Include="src\Include\Math\Float4.hpp">
      <Filter>Header Files</Filter>
    </ClInclude>
    <ClInclude Include="src\Include\Math\Float4Ops.hpp">
      <Filter>Header Files</Filter>
    </ClInclude>
    <ClInclude Include="src\Include\Math\Float4x4.hpp">
      <Filter>Header Files</Filter>
    </ClInclude>
    <ClInclude Include="src\Include\Math\Float4x4Ops.hpp">
      <Filter>Header Files</Filter>
    </ClInclude>
    <ClInclude Include="src\Include\Math\Float4x4Trans.hpp">
      <Filter>Header Files</Filter>
    </ClInclude>
    <ClInclude Include="src\Include\Math\FloatConv.hpp">
      <Filter>Header Files</Filter>
    </ClInclude>
    <ClInclude Include="src\Include\Math\FloatVec4x4Conv.hpp">
      <Filter>Header Files</Filter>
    </ClInclude>
    <ClInclude Include="src\Include\Math\FloatVecnConv.hpp">
      <Filter>Header Files</Filter>
    </ClInclude>
    <ClInclude Include="src\Include\Math\MathShared.hpp">
      <Filter>Header Files</Filter>
    </ClInclude>
    <ClInclude Include="src\Include\Math\StringConv.hpp">
      <Filter>Header Files</Filter>
    </ClInclude>
    <ClInclude Include="src\Include\Math\Vec3.hpp">
      <Filter>Header Files</Filter>
    </ClInclude>
    <ClInclude Include="src\Include\Math\Vec3Ops.hpp">
      <Filter>Header Files</Filter>
    </ClInclude>
    <ClInclude Include="src\Include\Math\Vec4.hpp">
      <Filter>Header Files</Filter>
    </ClInclude>
    <ClInclude Include="src\Include\Math\Vec4Ops.hpp">
      <Filter>Header Files</Filter>
    </ClInclude>
    <ClInclude Include="src\Include\Math\Vec4x4.hpp">
      <Filter>Header Files</Filter>
    </ClInclude>
    <ClInclude Include="src\Include\Math\Vec4x4Ops.hpp">
      <Filter>Header Files</Filter>
    </ClInclude>
    <ClInclude Include="src\Include\Math\Vec4x4Trans.hpp">
      <Filter>Header Files</Filter>
    </ClInclude>
    <ClInclude Include="src\Include\Math\VecConv.hpp">
      <Filter>Header Files</Filter>
    </ClInclude>
  </ItemGroup>
  <ItemGroup>
    <None Include="src\Include\Math\Float2.inl">
      <Filter>Header Files</Filter>
    </None>
    <None Include="src\Include\Math\Float2Ops.inl">
      <Filter>Header Files</Filter>
    </None>
    <None Include="src\Include\Math\Float3.inl">
      <Filter>Header Files</Filter>
    </None>
    <None Include="src\Include\Math\Float3Ops.inl">
      <Filter>Header Files</Filter>
    </None>
    <None Include="src\Include\Math\Float4.inl">
      <Filter>Header Files</Filter>
    </None>
    <None Include="src\Include\Math\Float4Ops.inl">
      <Filter>Header Files</Filter>
    </None>
    <None Include="src\Include\Math\Float4x4.inl">
      <Filter>Header Files</Filter>
    </None>
    <None Include="src\Include\Math\Float4x4Ops.inl">
      <Filter>Header Files</Filter>
    </None>
    <None Include="src\Include\Math\Float4x4Trans.inl">
      <Filter>Header Files</Filter>
    </None>
    <None Include="src\Include\Math\FloatConv.inl">
      <Filter>Header Files</Filter>
    </None>
    <None Include="src\Include\Math\FloatVec4x4Conv.inl">
      <Filter>Header Files</Filter>
    </None>
    <None Include="src\Include\Math\FloatVecnConv.inl">
      <Filter>Header Files</Filter>
    </None>
    <None Include="src\Include\Math\StringConv.inl">
      <Filter>Header Files</Filter>
    </None>
    <None Include="src\Include\Math\Vec3.inl">
      <Filter>Header Files</Filter>
    </None>
    <None Include="src\Include\Math\Vec3Ops.inl">
      <Filter>Header Files</Filter>
    </None>
    <None Include="src\Include\Math\Vec4.inl">
      <Filter>Header Files</Filter>
    </None>
    <None Include="src\Include\Math\Vec4Ops.inl">
      <Filter>Header Files</Filter>
    </None>
    <None Include="src\Include\Math\Vec4x4.inl">
      <Filter>Header Files</Filter>
    </None>
    <None Include="src\Include\Math\Vec4x4Ops.inl">
      <Filter>Header Files</Filter>
    </None>
    <None Include="src\Include\Math\Vec4x4Trans.inl">
      <Filter>Header Files</Filter>
    </None>
    <None Include="src\Include\Math\VecConv.inl">
      <Filter>Header Files</Filter>
    </None>
  </ItemGroup>
  <ItemGroup>
    <ClCompile Include="src\Test\main.cpp">
      <Filter>Source Files</Filter>
    </ClCompile>
  </ItemGroup>
</Project>